
Microsoft Visual Studio Solution File, Format Version 12.00
# Visual Studio 15
VisualStudioVersion = 15.0.27428.2015
MinimumVisualStudioVersion = 10.0.40219.1
Project("{FAE04EC0-301F-11D3-BF4B-00C04F79EFBC}") = "GetEmailSlackBot", "GetEmailSlackBot\GetEmailSlackBot.csproj", "{A01511B5-C27D-44B5-830B-82DA69FA1DCE}"
EndProject
Global
	GlobalSection(SolutionConfigurationPlatforms) = preSolution
		Debug|Any CPU = Debug|Any CPU
		Release|Any CPU = Release|Any CPU
	EndGlobalSection
	GlobalSection(ProjectConfigurationPlatforms) = postSolution
		{A01511B5-C27D-44B5-830B-82DA69FA1DCE}.Debug|Any CPU.ActiveCfg = Debug|Any CPU
		{A01511B5-C27D-44B5-830B-82DA69FA1DCE}.Debug|Any CPU.Build.0 = Debug|Any CPU
		{A01511B5-C27D-44B5-830B-82DA69FA1DCE}.Release|Any CPU.ActiveCfg = Release|Any CPU
		{A01511B5-C27D-44B5-830B-82DA69FA1DCE}.Release|Any CPU.Build.0 = Release|Any CPU
	EndGlobalSection
	GlobalSection(SolutionProperties) = preSolution
		HideSolutionNode = FALSE
	EndGlobalSection
	GlobalSection(ExtensibilityGlobals) = postSolution
		SolutionGuid = {A9E1BE6A-BEE7-4ECC-ACBA-965007E1B56C}
	EndGlobalSection
EndGlobal
