
Microsoft Visual Studio Solution File, Format Version 12.00
# Visual Studio 15
VisualStudioVersion = 15.0.27428.2015
MinimumVisualStudioVersion = 10.0.40219.1
Project("{FAE04EC0-301F-11D3-BF4B-00C04F79EFBC}") = "GetEmailSlackBot", "GetEmailSlackBot\GetEmailSlackBot.csproj", "{A01511B5-C27D-44B5-830B-82DA69FA1DCE}"
EndProject
Project("{FAE04EC0-301F-11D3-BF4B-00C04F79EFBC}") = "GetEmailSlackBot.Test", "GetEmailSlackBot.Test\GetEmailSlackBot.Test.csproj", "{AB32086A-063D-456F-8042-74CFE78851E1}"
EndProject
Project("{FAE04EC0-301F-11D3-BF4B-00C04F79EFBC}") = "GetSlackMailAPI", "GetSlackMailAPI\GetSlackMailAPI.csproj", "{7EDB0D88-6753-4454-9848-F759CC236ED1}"
EndProject
Global
	GlobalSection(SolutionConfigurationPlatforms) = preSolution
		Debug|Any CPU = Debug|Any CPU
		Release|Any CPU = Release|Any CPU
	EndGlobalSection
	GlobalSection(ProjectConfigurationPlatforms) = postSolution
		{A01511B5-C27D-44B5-830B-82DA69FA1DCE}.Debug|Any CPU.ActiveCfg = Debug|Any CPU
		{A01511B5-C27D-44B5-830B-82DA69FA1DCE}.Debug|Any CPU.Build.0 = Debug|Any CPU
		{A01511B5-C27D-44B5-830B-82DA69FA1DCE}.Release|Any CPU.ActiveCfg = Release|Any CPU
		{A01511B5-C27D-44B5-830B-82DA69FA1DCE}.Release|Any CPU.Build.0 = Release|Any CPU
		{AB32086A-063D-456F-8042-74CFE78851E1}.Debug|Any CPU.ActiveCfg = Debug|Any CPU
		{AB32086A-063D-456F-8042-74CFE78851E1}.Debug|Any CPU.Build.0 = Debug|Any CPU
		{AB32086A-063D-456F-8042-74CFE78851E1}.Release|Any CPU.ActiveCfg = Release|Any CPU
		{AB32086A-063D-456F-8042-74CFE78851E1}.Release|Any CPU.Build.0 = Release|Any CPU
		{7EDB0D88-6753-4454-9848-F759CC236ED1}.Debug|Any CPU.ActiveCfg = Debug|Any CPU
		{7EDB0D88-6753-4454-9848-F759CC236ED1}.Debug|Any CPU.Build.0 = Debug|Any CPU
		{7EDB0D88-6753-4454-9848-F759CC236ED1}.Release|Any CPU.ActiveCfg = Release|Any CPU
		{7EDB0D88-6753-4454-9848-F759CC236ED1}.Release|Any CPU.Build.0 = Release|Any CPU
	EndGlobalSection
	GlobalSection(SolutionProperties) = preSolution
		HideSolutionNode = FALSE
	EndGlobalSection
	GlobalSection(ExtensibilityGlobals) = postSolution
		SolutionGuid = {A9E1BE6A-BEE7-4ECC-ACBA-965007E1B56C}
	EndGlobalSection
EndGlobal
